
Microsoft Visual Studio Solution File, Format Version 12.00
# Visual Studio Version 16
VisualStudioVersion = 16.0.29306.81
MinimumVisualStudioVersion = 10.0.40219.1
Project("{FAE04EC0-301F-11D3-BF4B-00C04F79EFBC}") = "Sheet3", "Sheet3\Sheet3.csproj", "{C045C3CD-7830-42AB-8B74-BACDB6FD0545}"
EndProject
Project("{FAE04EC0-301F-11D3-BF4B-00C04F79EFBC}") = "ContactDAL", "ContactDAL\ContactDAL.csproj", "{ED03D52C-BB63-47F2-AEA0-3116EE7968AA}"
EndProject
Project("{FAE04EC0-301F-11D3-BF4B-00C04F79EFBC}") = "ContactBAL", "ContactBAL\ContactBAL.csproj", "{43FB78E3-EEAD-4E6A-99DE-E0B07C1628D4}"
EndProject
Project("{FAE04EC0-301F-11D3-BF4B-00C04F79EFBC}") = "Entities", "Entities\Entities.csproj", "{65F770C6-AAFC-4D26-911F-889D3F9DA11F}"
EndProject
Global
	GlobalSection(SolutionConfigurationPlatforms) = preSolution
		Debug|Any CPU = Debug|Any CPU
		Release|Any CPU = Release|Any CPU
	EndGlobalSection
	GlobalSection(ProjectConfigurationPlatforms) = postSolution
		{C045C3CD-7830-42AB-8B74-BACDB6FD0545}.Debug|Any CPU.ActiveCfg = Debug|Any CPU
		{C045C3CD-7830-42AB-8B74-BACDB6FD0545}.Debug|Any CPU.Build.0 = Debug|Any CPU
		{C045C3CD-7830-42AB-8B74-BACDB6FD0545}.Release|Any CPU.ActiveCfg = Release|Any CPU
		{C045C3CD-7830-42AB-8B74-BACDB6FD0545}.Release|Any CPU.Build.0 = Release|Any CPU
		{ED03D52C-BB63-47F2-AEA0-3116EE7968AA}.Debug|Any CPU.ActiveCfg = Debug|Any CPU
		{ED03D52C-BB63-47F2-AEA0-3116EE7968AA}.Debug|Any CPU.Build.0 = Debug|Any CPU
		{ED03D52C-BB63-47F2-AEA0-3116EE7968AA}.Release|Any CPU.ActiveCfg = Release|Any CPU
		{ED03D52C-BB63-47F2-AEA0-3116EE7968AA}.Release|Any CPU.Build.0 = Release|Any CPU
		{43FB78E3-EEAD-4E6A-99DE-E0B07C1628D4}.Debug|Any CPU.ActiveCfg = Debug|Any CPU
		{43FB78E3-EEAD-4E6A-99DE-E0B07C1628D4}.Debug|Any CPU.Build.0 = Debug|Any CPU
		{43FB78E3-EEAD-4E6A-99DE-E0B07C1628D4}.Release|Any CPU.ActiveCfg = Release|Any CPU
		{43FB78E3-EEAD-4E6A-99DE-E0B07C1628D4}.Release|Any CPU.Build.0 = Release|Any CPU
		{65F770C6-AAFC-4D26-911F-889D3F9DA11F}.Debug|Any CPU.ActiveCfg = Debug|Any CPU
		{65F770C6-AAFC-4D26-911F-889D3F9DA11F}.Debug|Any CPU.Build.0 = Debug|Any CPU
		{65F770C6-AAFC-4D26-911F-889D3F9DA11F}.Release|Any CPU.ActiveCfg = Release|Any CPU
		{65F770C6-AAFC-4D26-911F-889D3F9DA11F}.Release|Any CPU.Build.0 = Release|Any CPU
	EndGlobalSection
	GlobalSection(SolutionProperties) = preSolution
		HideSolutionNode = FALSE
	EndGlobalSection
	GlobalSection(ExtensibilityGlobals) = postSolution
		SolutionGuid = {969D2065-B0E2-45FB-B5B6-7B5FDECECB9E}
	EndGlobalSection
EndGlobal
